
Microsoft Visual Studio Solution File, Format Version 12.00
# Visual Studio Version 17
VisualStudioVersion = 17.7.34031.279
MinimumVisualStudioVersion = 10.0.40219.1
Project("{FAE04EC0-301F-11D3-BF4B-00C04F79EFBC}") = "ConsoleApp1", "ConsoleApp1.csproj", "{7B256563-2071-4E29-AD07-94BC69ECBA8C}"
EndProject
Global
	GlobalSection(SolutionConfigurationPlatforms) = preSolution
		Debug|Any CPU = Debug|Any CPU
		Release|Any CPU = Release|Any CPU
	EndGlobalSection
	GlobalSection(ProjectConfigurationPlatforms) = postSolution
		{7B256563-2071-4E29-AD07-94BC69ECBA8C}.Debug|Any CPU.ActiveCfg = Debug|Any CPU
		{7B256563-2071-4E29-AD07-94BC69ECBA8C}.Debug|Any CPU.Build.0 = Debug|Any CPU
		{7B256563-2071-4E29-AD07-94BC69ECBA8C}.Release|Any CPU.ActiveCfg = Release|Any CPU
		{7B256563-2071-4E29-AD07-94BC69ECBA8C}.Release|Any CPU.Build.0 = Release|Any CPU
	EndGlobalSection
	GlobalSection(SolutionProperties) = preSolution
		HideSolutionNode = FALSE
	EndGlobalSection
	GlobalSection(ExtensibilityGlobals) = postSolution
		SolutionGuid = {E394C68C-CABA-44F0-8933-0E5D3091C018}
	EndGlobalSection
EndGlobal
